
Microsoft Visual Studio Solution File, Format Version 12.00
# Visual Studio Version 16
VisualStudioVersion = 16.0.30611.23
MinimumVisualStudioVersion = 10.0.40219.1
Project("{FAE04EC0-301F-11D3-BF4B-00C04F79EFBC}") = "UnistoreWeb", "UnistoreWeb\UnistoreWeb.csproj", "{D63EB057-DB74-4034-88DF-5DEE6B6486BB}"
EndProject
Global
	GlobalSection(SolutionConfigurationPlatforms) = preSolution
		Debug|Any CPU = Debug|Any CPU
		Release|Any CPU = Release|Any CPU
	EndGlobalSection
	GlobalSection(ProjectConfigurationPlatforms) = postSolution
		{D63EB057-DB74-4034-88DF-5DEE6B6486BB}.Debug|Any CPU.ActiveCfg = Debug|Any CPU
		{D63EB057-DB74-4034-88DF-5DEE6B6486BB}.Debug|Any CPU.Build.0 = Debug|Any CPU
		{D63EB057-DB74-4034-88DF-5DEE6B6486BB}.Release|Any CPU.ActiveCfg = Release|Any CPU
		{D63EB057-DB74-4034-88DF-5DEE6B6486BB}.Release|Any CPU.Build.0 = Release|Any CPU
	EndGlobalSection
	GlobalSection(SolutionProperties) = preSolution
		HideSolutionNode = FALSE
	EndGlobalSection
	GlobalSection(ExtensibilityGlobals) = postSolution
		SolutionGuid = {61CEC167-A4CA-4336-862B-0126F051A004}
	EndGlobalSection
EndGlobal
